
Microsoft Visual Studio Solution File, Format Version 12.00
# Visual Studio Version 17
VisualStudioVersion = 17.10.34928.147
MinimumVisualStudioVersion = 10.0.40219.1
Project("{FAE04EC0-301F-11D3-BF4B-00C04F79EFBC}") = "Logics", "Garage_Example\Logics.csproj", "{1075CAEE-CD73-4F39-B33D-01D56FA8F2E7}"
EndProject
Project("{FAE04EC0-301F-11D3-BF4B-00C04F79EFBC}") = "Program", "Program\Program.csproj", "{5002ECE4-3A70-43DC-B5B9-FFDA9A48EBE8}"
EndProject
Global
	GlobalSection(SolutionConfigurationPlatforms) = preSolution
		Debug|Any CPU = Debug|Any CPU
		Release|Any CPU = Release|Any CPU
	EndGlobalSection
	GlobalSection(ProjectConfigurationPlatforms) = postSolution
		{1075CAEE-CD73-4F39-B33D-01D56FA8F2E7}.Debug|Any CPU.ActiveCfg = Debug|Any CPU
		{1075CAEE-CD73-4F39-B33D-01D56FA8F2E7}.Debug|Any CPU.Build.0 = Debug|Any CPU
		{1075CAEE-CD73-4F39-B33D-01D56FA8F2E7}.Release|Any CPU.ActiveCfg = Release|Any CPU
		{1075CAEE-CD73-4F39-B33D-01D56FA8F2E7}.Release|Any CPU.Build.0 = Release|Any CPU
		{5002ECE4-3A70-43DC-B5B9-FFDA9A48EBE8}.Debug|Any CPU.ActiveCfg = Debug|Any CPU
		{5002ECE4-3A70-43DC-B5B9-FFDA9A48EBE8}.Debug|Any CPU.Build.0 = Debug|Any CPU
		{5002ECE4-3A70-43DC-B5B9-FFDA9A48EBE8}.Release|Any CPU.ActiveCfg = Release|Any CPU
		{5002ECE4-3A70-43DC-B5B9-FFDA9A48EBE8}.Release|Any CPU.Build.0 = Release|Any CPU
	EndGlobalSection
	GlobalSection(SolutionProperties) = preSolution
		HideSolutionNode = FALSE
	EndGlobalSection
	GlobalSection(ExtensibilityGlobals) = postSolution
		SolutionGuid = {D3DC250B-51DC-4D12-8B34-81E05B8A11B4}
	EndGlobalSection
EndGlobal
